
Microsoft Visual Studio Solution File, Format Version 10.00
# Visual Studio 2008
Project("{8BC9CEB8-8B4A-11D0-8D11-00A0C91BC942}") = "text2prn", "text2prn.vcproj", "{0A6F6CD3-D256-45B2-9566-24295F8C8DFB}"
EndProject
Global
	GlobalSection(SolutionConfigurationPlatforms) = preSolution
		Debug|Win32 = Debug|Win32
		Release|Win32 = Release|Win32
		Static|Win32 = Static|Win32
	EndGlobalSection
	GlobalSection(ProjectConfigurationPlatforms) = postSolution
		{0A6F6CD3-D256-45B2-9566-24295F8C8DFB}.Debug|Win32.ActiveCfg = Debug|Win32
		{0A6F6CD3-D256-45B2-9566-24295F8C8DFB}.Debug|Win32.Build.0 = Debug|Win32
		{0A6F6CD3-D256-45B2-9566-24295F8C8DFB}.Release|Win32.ActiveCfg = Release|Win32
		{0A6F6CD3-D256-45B2-9566-24295F8C8DFB}.Release|Win32.Build.0 = Release|Win32
		{0A6F6CD3-D256-45B2-9566-24295F8C8DFB}.Static|Win32.ActiveCfg = Static|Win32
		{0A6F6CD3-D256-45B2-9566-24295F8C8DFB}.Static|Win32.Build.0 = Static|Win32
	EndGlobalSection
	GlobalSection(SolutionProperties) = preSolution
		HideSolutionNode = FALSE
	EndGlobalSection
EndGlobal
